
Microsoft Visual Studio Solution File, Format Version 12.00
# Visual Studio Version 17
VisualStudioVersion = 17.10.35027.167
MinimumVisualStudioVersion = 10.0.40219.1
Project("{FAE04EC0-301F-11D3-BF4B-00C04F79EFBC}") = "Dijkstra WindowsForms", "Dijkstra WindowsForms.csproj", "{2D09FE16-4589-45C6-976B-AA6918EA4FCE}"
EndProject
Global
	GlobalSection(SolutionConfigurationPlatforms) = preSolution
		Debug|Any CPU = Debug|Any CPU
		Release|Any CPU = Release|Any CPU
	EndGlobalSection
	GlobalSection(ProjectConfigurationPlatforms) = postSolution
		{2D09FE16-4589-45C6-976B-AA6918EA4FCE}.Debug|Any CPU.ActiveCfg = Debug|Any CPU
		{2D09FE16-4589-45C6-976B-AA6918EA4FCE}.Debug|Any CPU.Build.0 = Debug|Any CPU
		{2D09FE16-4589-45C6-976B-AA6918EA4FCE}.Release|Any CPU.ActiveCfg = Release|Any CPU
		{2D09FE16-4589-45C6-976B-AA6918EA4FCE}.Release|Any CPU.Build.0 = Release|Any CPU
	EndGlobalSection
	GlobalSection(SolutionProperties) = preSolution
		HideSolutionNode = FALSE
	EndGlobalSection
	GlobalSection(ExtensibilityGlobals) = postSolution
		SolutionGuid = {005D70CC-9DAB-4735-929F-E8E747582A7C}
	EndGlobalSection
EndGlobal
